// !$*UTF8*$!
{
	archiveVersion = 1;
	classes = {
	};
	objectVersion = 46;
	objects = {

/* Begin PBXBuildFile section */
		1C1E77721CD0461F00035039 /* MP4Writer.m in Sources */ = {isa = PBXBuildFile; fileRef = 1C1E77711CD0461F00035039 /* MP4Writer.m */; };
		1C305F861C99F6E000AD17F9 /* GoCoderSettings.storyboard in Resources */ = {isa = PBXBuildFile; fileRef = 1C305F851C99F6E000AD17F9 /* GoCoderSettings.storyboard */; };
		1C33021E1D99E23200F57BE5 /* WZPlayerViewController.m in Sources */ = {isa = PBXBuildFile; fileRef = 1C33021D1D99E23200F57BE5 /* WZPlayerViewController.m */; };
		1CA059FF1C7CE293003B4AAA /* CustomFrameSizeViewController.m in Sources */ = {isa = PBXBuildFile; fileRef = 1CA059FE1C7CE293003B4AAA /* CustomFrameSizeViewController.m */; };
		1CE278FC1C990E9F00ACE7A5 /* WowzaGoCoderSDK.framework in Frameworks */ = {isa = PBXBuildFile; fileRef = 1CE278FB1C990E9F00ACE7A5 /* WowzaGoCoderSDK.framework */; };
		1CE278FD1C990F7400ACE7A5 /* WowzaGoCoderSDK.framework in Embed Frameworks */ = {isa = PBXBuildFile; fileRef = 1CE278FB1C990E9F00ACE7A5 /* WowzaGoCoderSDK.framework */; settings = {ATTRIBUTES = (CodeSignOnCopy, RemoveHeadersOnCopy, ); }; };
		1CE985FA1C1BA2D500A883E3 /* main.m in Sources */ = {isa = PBXBuildFile; fileRef = 1CE985F91C1BA2D500A883E3 /* main.m */; };
		1CE985FD1C1BA2D500A883E3 /* AppDelegate.m in Sources */ = {isa = PBXBuildFile; fileRef = 1CE985FC1C1BA2D500A883E3 /* AppDelegate.m */; };
		1CE986001C1BA2D500A883E3 /* VideoPlayerViewController.m in Sources */ = {isa = PBXBuildFile; fileRef = 1CE985FF1C1BA2D500A883E3 /* VideoPlayerViewController.m */; };
		1CE986031C1BA2D500A883E3 /* Main.storyboard in Resources */ = {isa = PBXBuildFile; fileRef = 1CE986011C1BA2D500A883E3 /* Main.storyboard */; };
		1CE986051C1BA2D500A883E3 /* Assets.xcassets in Resources */ = {isa = PBXBuildFile; fileRef = 1CE986041C1BA2D500A883E3 /* Assets.xcassets */; };
		1CE986081C1BA2D500A883E3 /* LaunchScreen.storyboard in Resources */ = {isa = PBXBuildFile; fileRef = 1CE986061C1BA2D500A883E3 /* LaunchScreen.storyboard */; };
		1CF6ED441C20A29800DA7C6B /* SettingsViewController.m in Sources */ = {isa = PBXBuildFile; fileRef = 1CF6ED431C20A29800DA7C6B /* SettingsViewController.m */; };
		1CF6ED471C20A2C100DA7C6B /* SettingsViewModel.m in Sources */ = {isa = PBXBuildFile; fileRef = 1CF6ED461C20A2C100DA7C6B /* SettingsViewModel.m */; };
		1CF6ED4A1C20B03500DA7C6B /* SettingsTextFieldCell.m in Sources */ = {isa = PBXBuildFile; fileRef = 1CF6ED491C20B03500DA7C6B /* SettingsTextFieldCell.m */; };
/* End PBXBuildFile section */

/* Begin PBXCopyFilesBuildPhase section */
		1CAFDB8C1C3B04CE00C6C314 /* Embed Frameworks */ = {
			isa = PBXCopyFilesBuildPhase;
			buildActionMask = 12;
			dstPath = "";
			dstSubfolderSpec = 10;
			files = (
				1CE278FD1C990F7400ACE7A5 /* WowzaGoCoderSDK.framework in Embed Frameworks */,
			);
			name = "Embed Frameworks";
			runOnlyForDeploymentPostprocessing = 0;
		};
/* End PBXCopyFilesBuildPhase section */

/* Begin PBXFileReference section */
		1C1E77701CD0461F00035039 /* MP4Writer.h */ = {isa = PBXFileReference; fileEncoding = 4; lastKnownFileType = sourcecode.c.h; path = MP4Writer.h; sourceTree = "<group>"; };
		1C1E77711CD0461F00035039 /* MP4Writer.m */ = {isa = PBXFileReference; fileEncoding = 4; lastKnownFileType = sourcecode.c.objc; path = MP4Writer.m; sourceTree = "<group>"; };
		1C305F851C99F6E000AD17F9 /* GoCoderSettings.storyboard */ = {isa = PBXFileReference; fileEncoding = 4; lastKnownFileType = file.storyboard; name = GoCoderSettings.storyboard; path = shared/GoCoderSettings.storyboard; sourceTree = SOURCE_ROOT; };
		1C33021C1D99E23200F57BE5 /* WZPlayerViewController.h */ = {isa = PBXFileReference; fileEncoding = 4; lastKnownFileType = sourcecode.c.h; path = WZPlayerViewController.h; sourceTree = "<group>"; };
		1C33021D1D99E23200F57BE5 /* WZPlayerViewController.m */ = {isa = PBXFileReference; fileEncoding = 4; lastKnownFileType = sourcecode.c.objc; path = WZPlayerViewController.m; sourceTree = "<group>"; };
		1CA059FD1C7CE293003B4AAA /* CustomFrameSizeViewController.h */ = {isa = PBXFileReference; fileEncoding = 4; lastKnownFileType = sourcecode.c.h; name = CustomFrameSizeViewController.h; path = ../shared/CustomFrameSizeViewController.h; sourceTree = "<group>"; };
		1CA059FE1C7CE293003B4AAA /* CustomFrameSizeViewController.m */ = {isa = PBXFileReference; fileEncoding = 4; lastKnownFileType = sourcecode.c.objc; name = CustomFrameSizeViewController.m; path = ../shared/CustomFrameSizeViewController.m; sourceTree = "<group>"; };
		1CE278FB1C990E9F00ACE7A5 /* WowzaGoCoderSDK.framework */ = {isa = PBXFileReference; lastKnownFileType = wrapper.framework; path = WowzaGoCoderSDK.framework; sourceTree = SOURCE_ROOT; };
		1CE985F51C1BA2D500A883E3 /* SDKSampleApp.app */ = {isa = PBXFileReference; explicitFileType = wrapper.application; includeInIndex = 0; path = SDKSampleApp.app; sourceTree = BUILT_PRODUCTS_DIR; };
		1CE985F91C1BA2D500A883E3 /* main.m */ = {isa = PBXFileReference; lastKnownFileType = sourcecode.c.objc; path = main.m; sourceTree = "<group>"; };
		1CE985FB1C1BA2D500A883E3 /* AppDelegate.h */ = {isa = PBXFileReference; lastKnownFileType = sourcecode.c.h; path = AppDelegate.h; sourceTree = "<group>"; };
		1CE985FC1C1BA2D500A883E3 /* AppDelegate.m */ = {isa = PBXFileReference; lastKnownFileType = sourcecode.c.objc; path = AppDelegate.m; sourceTree = "<group>"; };
		1CE985FE1C1BA2D500A883E3 /* VideoPlayerViewController.h */ = {isa = PBXFileReference; lastKnownFileType = sourcecode.c.h; path = VideoPlayerViewController.h; sourceTree = "<group>"; };
		1CE985FF1C1BA2D500A883E3 /* VideoPlayerViewController.m */ = {isa = PBXFileReference; lastKnownFileType = sourcecode.c.objc; path = VideoPlayerViewController.m; sourceTree = "<group>"; };
		1CE986021C1BA2D500A883E3 /* Base */ = {isa = PBXFileReference; lastKnownFileType = file.storyboard; name = Base; path = Base.lproj/Main.storyboard; sourceTree = "<group>"; };
		1CE986041C1BA2D500A883E3 /* Assets.xcassets */ = {isa = PBXFileReference; lastKnownFileType = folder.assetcatalog; path = Assets.xcassets; sourceTree = "<group>"; };
		1CE986071C1BA2D500A883E3 /* Base */ = {isa = PBXFileReference; lastKnownFileType = file.storyboard; name = Base; path = Base.lproj/LaunchScreen.storyboard; sourceTree = "<group>"; };
		1CE986091C1BA2D500A883E3 /* Info.plist */ = {isa = PBXFileReference; lastKnownFileType = text.plist.xml; path = Info.plist; sourceTree = "<group>"; };
		1CF6ED421C20A29800DA7C6B /* SettingsViewController.h */ = {isa = PBXFileReference; fileEncoding = 4; lastKnownFileType = sourcecode.c.h; name = SettingsViewController.h; path = ../shared/SettingsViewController.h; sourceTree = "<group>"; };
		1CF6ED431C20A29800DA7C6B /* SettingsViewController.m */ = {isa = PBXFileReference; fileEncoding = 4; lastKnownFileType = sourcecode.c.objc; name = SettingsViewController.m; path = ../shared/SettingsViewController.m; sourceTree = "<group>"; };
		1CF6ED451C20A2C100DA7C6B /* SettingsViewModel.h */ = {isa = PBXFileReference; fileEncoding = 4; lastKnownFileType = sourcecode.c.h; name = SettingsViewModel.h; path = ../shared/SettingsViewModel.h; sourceTree = "<group>"; };
		1CF6ED461C20A2C100DA7C6B /* SettingsViewModel.m */ = {isa = PBXFileReference; fileEncoding = 4; lastKnownFileType = sourcecode.c.objc; name = SettingsViewModel.m; path = ../shared/SettingsViewModel.m; sourceTree = "<group>"; };
		1CF6ED481C20B03500DA7C6B /* SettingsTextFieldCell.h */ = {isa = PBXFileReference; fileEncoding = 4; lastKnownFileType = sourcecode.c.h; name = SettingsTextFieldCell.h; path = ../shared/SettingsTextFieldCell.h; sourceTree = "<group>"; };
		1CF6ED491C20B03500DA7C6B /* SettingsTextFieldCell.m */ = {isa = PBXFileReference; fileEncoding = 4; lastKnownFileType = sourcecode.c.objc; name = SettingsTextFieldCell.m; path = ../shared/SettingsTextFieldCell.m; sourceTree = "<group>"; };
/* End PBXFileReference section */

/* Begin PBXFrameworksBuildPhase section */
		1CE985F21C1BA2D500A883E3 /* Frameworks */ = {
			isa = PBXFrameworksBuildPhase;
			buildActionMask = 2147483647;
			files = (
				1CE278FC1C990E9F00ACE7A5 /* WowzaGoCoderSDK.framework in Frameworks */,
			);
			runOnlyForDeploymentPostprocessing = 0;
		};
/* End PBXFrameworksBuildPhase section */

/* Begin PBXGroup section */
		1CE623F81C9F58810060F2C1 /* Shared */ = {
			isa = PBXGroup;
			children = (
				1C305F851C99F6E000AD17F9 /* GoCoderSettings.storyboard */,
				1CF6ED481C20B03500DA7C6B /* SettingsTextFieldCell.h */,
				1CF6ED491C20B03500DA7C6B /* SettingsTextFieldCell.m */,
				1CF6ED421C20A29800DA7C6B /* SettingsViewController.h */,
				1CF6ED431C20A29800DA7C6B /* SettingsViewController.m */,
				1CF6ED451C20A2C100DA7C6B /* SettingsViewModel.h */,
				1CF6ED461C20A2C100DA7C6B /* SettingsViewModel.m */,
			);
			name = Shared;
			sourceTree = "<group>";
		};
		1CE985EC1C1BA2D500A883E3 = {
			isa = PBXGroup;
			children = (
				1CE985F71C1BA2D500A883E3 /* SDKSampleApp */,
				1CE985F61C1BA2D500A883E3 /* Products */,
			);
			sourceTree = "<group>";
		};
		1CE985F61C1BA2D500A883E3 /* Products */ = {
			isa = PBXGroup;
			children = (
				1CE985F51C1BA2D500A883E3 /* SDKSampleApp.app */,
			);
			name = Products;
			sourceTree = "<group>";
		};
		1CE985F71C1BA2D500A883E3 /* SDKSampleApp */ = {
			isa = PBXGroup;
			children = (
				1CE985FE1C1BA2D500A883E3 /* VideoPlayerViewController.h */,
				1CE985FF1C1BA2D500A883E3 /* VideoPlayerViewController.m */,
				1C33021C1D99E23200F57BE5 /* WZPlayerViewController.h */,
				1C33021D1D99E23200F57BE5 /* WZPlayerViewController.m */,
				1CE985FB1C1BA2D500A883E3 /* AppDelegate.h */,
				1CE985FC1C1BA2D500A883E3 /* AppDelegate.m */,
				1C1E77701CD0461F00035039 /* MP4Writer.h */,
				1C1E77711CD0461F00035039 /* MP4Writer.m */,
				1CE986041C1BA2D500A883E3 /* Assets.xcassets */,
				1CA059FD1C7CE293003B4AAA /* CustomFrameSizeViewController.h */,
				1CA059FE1C7CE293003B4AAA /* CustomFrameSizeViewController.m */,
				1CE986091C1BA2D500A883E3 /* Info.plist */,
				1CE986061C1BA2D500A883E3 /* LaunchScreen.storyboard */,
				1CE986011C1BA2D500A883E3 /* Main.storyboard */,
				1CE623F81C9F58810060F2C1 /* Shared */,
				1CE985F81C1BA2D500A883E3 /* Supporting Files */,
				1CE278FB1C990E9F00ACE7A5 /* WowzaGoCoderSDK.framework */,
			);
			path = SDKSampleApp;
			sourceTree = "<group>";
		};
		1CE985F81C1BA2D500A883E3 /* Supporting Files */ = {
			isa = PBXGroup;
			children = (
				1CE985F91C1BA2D500A883E3 /* main.m */,
			);
			name = "Supporting Files";
			sourceTree = "<group>";
		};
/* End PBXGroup section */

/* Begin PBXNativeTarget section */
		1CE985F41C1BA2D500A883E3 /* SDKSampleApp */ = {
			isa = PBXNativeTarget;
			buildConfigurationList = 1CE9860C1C1BA2D500A883E3 /* Build configuration list for PBXNativeTarget "SDKSampleApp" */;
			buildPhases = (
				1CE985F11C1BA2D500A883E3 /* Sources */,
				1CAC953D1D1D983600D95262 /* Validate SDK */,
				1CE985F21C1BA2D500A883E3 /* Frameworks */,
				1CE985F31C1BA2D500A883E3 /* Resources */,
				1CAFDB8C1C3B04CE00C6C314 /* Embed Frameworks */,
				1CAFDB8D1C3B058200C6C314 /* Strip Framework Invalid Architectures */,
			);
			buildRules = (
			);
			dependencies = (
			);
			name = SDKSampleApp;
			productName = SDKSampleApp;
			productReference = 1CE985F51C1BA2D500A883E3 /* SDKSampleApp.app */;
			productType = "com.apple.product-type.application";
		};
/* End PBXNativeTarget section */

/* Begin PBXProject section */
		1CE985ED1C1BA2D500A883E3 /* Project object */ = {
			isa = PBXProject;
			attributes = {
				LastUpgradeCheck = 0820;
				ORGANIZATIONNAME = "Wowza, Inc";
				TargetAttributes = {
					1CE985F41C1BA2D500A883E3 = {
						CreatedOnToolsVersion = 7.2;
						DevelopmentTeam = VVGYK4HC82;
						DevelopmentTeamName = "Wowza Media Systems, LLC";
					};
				};
			};
			buildConfigurationList = 1CE985F01C1BA2D500A883E3 /* Build configuration list for PBXProject "WowzaGoCoderSDKSampleApp" */;
			compatibilityVersion = "Xcode 3.2";
			developmentRegion = English;
			hasScannedForEncodings = 0;
			knownRegions = (
				en,
				Base,
			);
			mainGroup = 1CE985EC1C1BA2D500A883E3;
			productRefGroup = 1CE985F61C1BA2D500A883E3 /* Products */;
			projectDirPath = "";
			projectRoot = "";
			targets = (
				1CE985F41C1BA2D500A883E3 /* SDKSampleApp */,
			);
		};
/* End PBXProject section */

/* Begin PBXResourcesBuildPhase section */
		1CE985F31C1BA2D500A883E3 /* Resources */ = {
			isa = PBXResourcesBuildPhase;
			buildActionMask = 2147483647;
			files = (
				1CE986081C1BA2D500A883E3 /* LaunchScreen.storyboard in Resources */,
				1C305F861C99F6E000AD17F9 /* GoCoderSettings.storyboard in Resources */,
				1CE986051C1BA2D500A883E3 /* Assets.xcassets in Resources */,
				1CE986031C1BA2D500A883E3 /* Main.storyboard in Resources */,
			);
			runOnlyForDeploymentPostprocessing = 0;
		};
/* End PBXResourcesBuildPhase section */

/* Begin PBXShellScriptBuildPhase section */
		1CAC953D1D1D983600D95262 /* Validate SDK */ = {
			isa = PBXShellScriptBuildPhase;
			buildActionMask = 2147483647;
			files = (
			);
			inputPaths = (
			);
			name = "Validate SDK";
			outputPaths = (
			);
			runOnlyForDeploymentPostprocessing = 0;
			shellPath = /bin/sh;
			shellScript = "my_script=\"./validatesdk.sh\"\nif [ ! -f \"$my_script\" ]\nthen\n    exit 0\nfi\n\nchmod +x $my_script\n\n./$my_script";
		};
		1CAFDB8D1C3B058200C6C314 /* Strip Framework Invalid Architectures */ = {
			isa = PBXShellScriptBuildPhase;
			buildActionMask = 2147483647;
			files = (
			);
			inputPaths = (
			);
			name = "Strip Framework Invalid Architectures";
			outputPaths = (
			);
			runOnlyForDeploymentPostprocessing = 0;
			shellPath = /bin/sh;
			shellScript = "bash \"${BUILT_PRODUCTS_DIR}/${FRAMEWORKS_FOLDER_PATH}/WowzaGoCoderSDK.framework/strip-frameworks.sh\"";
		};
/* End PBXShellScriptBuildPhase section */

/* Begin PBXSourcesBuildPhase section */
		1CE985F11C1BA2D500A883E3 /* Sources */ = {
			isa = PBXSourcesBuildPhase;
			buildActionMask = 2147483647;
			files = (
				1CF6ED471C20A2C100DA7C6B /* SettingsViewModel.m in Sources */,
				1CE986001C1BA2D500A883E3 /* VideoPlayerViewController.m in Sources */,
				1CE985FD1C1BA2D500A883E3 /* AppDelegate.m in Sources */,
				1CE985FA1C1BA2D500A883E3 /* main.m in Sources */,
				1C33021E1D99E23200F57BE5 /* WZPlayerViewController.m in Sources */,
				1C1E77721CD0461F00035039 /* MP4Writer.m in Sources */,
				1CF6ED4A1C20B03500DA7C6B /* SettingsTextFieldCell.m in Sources */,
				1CA059FF1C7CE293003B4AAA /* CustomFrameSizeViewController.m in Sources */,
				1CF6ED441C20A29800DA7C6B /* SettingsViewController.m in Sources */,
			);
			runOnlyForDeploymentPostprocessing = 0;
		};
/* End PBXSourcesBuildPhase section */

/* Begin PBXVariantGroup section */
		1CE986011C1BA2D500A883E3 /* Main.storyboard */ = {
			isa = PBXVariantGroup;
			children = (
				1CE986021C1BA2D500A883E3 /* Base */,
			);
			name = Main.storyboard;
			sourceTree = "<group>";
		};
		1CE986061C1BA2D500A883E3 /* LaunchScreen.storyboard */ = {
			isa = PBXVariantGroup;
			children = (
				1CE986071C1BA2D500A883E3 /* Base */,
			);
			name = LaunchScreen.storyboard;
			sourceTree = "<group>";
		};
/* End PBXVariantGroup section */

/* Begin XCBuildConfiguration section */
		1CE9860A1C1BA2D500A883E3 /* Debug */ = {
			isa = XCBuildConfiguration;
			buildSettings = {
				ALWAYS_SEARCH_USER_PATHS = NO;
				CLANG_CXX_LANGUAGE_STANDARD = "gnu++0x";
				CLANG_CXX_LIBRARY = "libc++";
				CLANG_ENABLE_MODULES = YES;
				CLANG_ENABLE_OBJC_ARC = YES;
				CLANG_WARN_BOOL_CONVERSION = YES;
				CLANG_WARN_CONSTANT_CONVERSION = YES;
				CLANG_WARN_DIRECT_OBJC_ISA_USAGE = YES_ERROR;
				CLANG_WARN_EMPTY_BODY = YES;
				CLANG_WARN_ENUM_CONVERSION = YES;
				CLANG_WARN_INFINITE_RECURSION = YES;
				CLANG_WARN_INT_CONVERSION = YES;
				CLANG_WARN_OBJC_ROOT_CLASS = YES_ERROR;
				CLANG_WARN_SUSPICIOUS_MOVE = YES;
				CLANG_WARN_UNREACHABLE_CODE = YES;
				CLANG_WARN__DUPLICATE_METHOD_MATCH = YES;
				"CODE_SIGN_IDENTITY[sdk=iphoneos*]" = "iPhone Developer";
				COPY_PHASE_STRIP = NO;
				DEBUG_INFORMATION_FORMAT = dwarf;
				ENABLE_STRICT_OBJC_MSGSEND = YES;
				ENABLE_TESTABILITY = YES;
				GCC_C_LANGUAGE_STANDARD = gnu99;
				GCC_DYNAMIC_NO_PIC = NO;
				GCC_NO_COMMON_BLOCKS = YES;
				GCC_OPTIMIZATION_LEVEL = 0;
				GCC_PREPROCESSOR_DEFINITIONS = (
					"DEBUG=1",
					"$(inherited)",
				);
				GCC_WARN_64_TO_32_BIT_CONVERSION = YES;
				GCC_WARN_ABOUT_RETURN_TYPE = YES_ERROR;
				GCC_WARN_UNDECLARED_SELECTOR = YES;
				GCC_WARN_UNINITIALIZED_AUTOS = YES_AGGRESSIVE;
				GCC_WARN_UNUSED_FUNCTION = YES;
				GCC_WARN_UNUSED_VARIABLE = YES;
				IPHONEOS_DEPLOYMENT_TARGET = 9.2;
				MTL_ENABLE_DEBUG_INFO = YES;
				ONLY_ACTIVE_ARCH = YES;
				SDKROOT = iphoneos;
				TARGETED_DEVICE_FAMILY = "1,2";
			};
			name = Debug;
		};
		1CE9860B1C1BA2D500A883E3 /* Release */ = {
			isa = XCBuildConfiguration;
			buildSettings = {
				ALWAYS_SEARCH_USER_PATHS = NO;
				CLANG_CXX_LANGUAGE_STANDARD = "gnu++0x";
				CLANG_CXX_LIBRARY = "libc++";
				CLANG_ENABLE_MODULES = YES;
				CLANG_ENABLE_OBJC_ARC = YES;
				CLANG_WARN_BOOL_CONVERSION = YES;
				CLANG_WARN_CONSTANT_CONVERSION = YES;
				CLANG_WARN_DIRECT_OBJC_ISA_USAGE = YES_ERROR;
				CLANG_WARN_EMPTY_BODY = YES;
				CLANG_WARN_ENUM_CONVERSION = YES;
				CLANG_WARN_INFINITE_RECURSION = YES;
				CLANG_WARN_INT_CONVERSION = YES;
				CLANG_WARN_OBJC_ROOT_CLASS = YES_ERROR;
				CLANG_WARN_SUSPICIOUS_MOVE = YES;
				CLANG_WARN_UNREACHABLE_CODE = YES;
				CLANG_WARN__DUPLICATE_METHOD_MATCH = YES;
				"CODE_SIGN_IDENTITY[sdk=iphoneos*]" = "iPhone Developer";
				COPY_PHASE_STRIP = NO;
				DEBUG_INFORMATION_FORMAT = "dwarf-with-dsym";
				ENABLE_NS_ASSERTIONS = NO;
				ENABLE_STRICT_OBJC_MSGSEND = YES;
				GCC_C_LANGUAGE_STANDARD = gnu99;
				GCC_NO_COMMON_BLOCKS = YES;
				GCC_WARN_64_TO_32_BIT_CONVERSION = YES;
				GCC_WARN_ABOUT_RETURN_TYPE = YES_ERROR;
				GCC_WARN_UNDECLARED_SELECTOR = YES;
				GCC_WARN_UNINITIALIZED_AUTOS = YES_AGGRESSIVE;
				GCC_WARN_UNUSED_FUNCTION = YES;
				GCC_WARN_UNUSED_VARIABLE = YES;
				IPHONEOS_DEPLOYMENT_TARGET = 9.2;
				MTL_ENABLE_DEBUG_INFO = NO;
				SDKROOT = iphoneos;
				TARGETED_DEVICE_FAMILY = "1,2";
				VALIDATE_PRODUCT = YES;
			};
			name = Release;
		};
		1CE9860D1C1BA2D500A883E3 /* Debug */ = {
			isa = XCBuildConfiguration;
			buildSettings = {
				ASSETCATALOG_COMPILER_APPICON_NAME = AppIcon;
				CODE_SIGN_IDENTITY = "iPhone Developer";
				FRAMEWORK_SEARCH_PATHS = (
					"$(inherited)",
					"$(PROJECT_DIR)/SDKSampleApp",
					"$(PROJECT_DIR)",
				);
				INFOPLIST_FILE = SDKSampleApp/Info.plist;
				IPHONEOS_DEPLOYMENT_TARGET = 9.1;
				LD_RUNPATH_SEARCH_PATHS = "$(inherited) @executable_path/Frameworks";
				PRODUCT_BUNDLE_IDENTIFIER = com.wowza.gocoder.sdk.sampleapp;
				PRODUCT_NAME = "$(TARGET_NAME)";
			};
			name = Debug;
		};
		1CE9860E1C1BA2D500A883E3 /* Release */ = {
			isa = XCBuildConfiguration;
			buildSettings = {
				ASSETCATALOG_COMPILER_APPICON_NAME = AppIcon;
				CODE_SIGN_IDENTITY = "iPhone Developer";
				FRAMEWORK_SEARCH_PATHS = (
					"$(inherited)",
					"$(PROJECT_DIR)/SDKSampleApp",
					"$(PROJECT_DIR)",
				);
				INFOPLIST_FILE = SDKSampleApp/Info.plist;
				IPHONEOS_DEPLOYMENT_TARGET = 9.1;
				LD_RUNPATH_SEARCH_PATHS = "$(inherited) @executable_path/Frameworks";
				PRODUCT_BUNDLE_IDENTIFIER = com.wowza.gocoder.sdk.sampleapp;
				PRODUCT_NAME = "$(TARGET_NAME)";
			};
			name = Release;
		};
/* End XCBuildConfiguration section */

/* Begin XCConfigurationList section */
		1CE985F01C1BA2D500A883E3 /* Build configuration list for PBXProject "WowzaGoCoderSDKSampleApp" */ = {
			isa = XCConfigurationList;
			buildConfigurations = (
				1CE9860A1C1BA2D500A883E3 /* Debug */,
				1CE9860B1C1BA2D500A883E3 /* Release */,
			);
			defaultConfigurationIsVisible = 0;
			defaultConfigurationName = Release;
		};
		1CE9860C1C1BA2D500A883E3 /* Build configuration list for PBXNativeTarget "SDKSampleApp" */ = {
			isa = XCConfigurationList;
			buildConfigurations = (
				1CE9860D1C1BA2D500A883E3 /* Debug */,
				1CE9860E1C1BA2D500A883E3 /* Release */,
			);
			defaultConfigurationIsVisible = 0;
			defaultConfigurationName = Release;
		};
/* End XCConfigurationList section */
	};
	rootObject = 1CE985ED1C1BA2D500A883E3 /* Project object */;
}
